// !$*UTF8*$!
{
	archiveVersion = 1;
	classes = {
	};
	objectVersion = 51;
	objects = {

/* Begin PBXBuildFile section */
		0722B0FD235D9A64000BB03D /* CoordinatesModel.swift in Sources */ = {isa = PBXBuildFile; fileRef = 0722B0FC235D9A64000BB03D /* CoordinatesModel.swift */; };
		0722B10C235DA49F000BB03D /* MoyaService.swift in Sources */ = {isa = PBXBuildFile; fileRef = 0722B10B235DA49F000BB03D /* MoyaService.swift */; };
		0722B10E235DA967000BB03D /* NetworkManager.swift in Sources */ = {isa = PBXBuildFile; fileRef = 0722B10D235DA967000BB03D /* NetworkManager.swift */; };
		0722B111235DC2AA000BB03D /* MapViewModel.swift in Sources */ = {isa = PBXBuildFile; fileRef = 0722B110235DC2AA000BB03D /* MapViewModel.swift */; };
		072CCE33234756F8007D0F77 /* AppDelegate.swift in Sources */ = {isa = PBXBuildFile; fileRef = 072CCE32234756F8007D0F77 /* AppDelegate.swift */; };
		072CCE35234756F8007D0F77 /* MapViewController.swift in Sources */ = {isa = PBXBuildFile; fileRef = 072CCE34234756F8007D0F77 /* MapViewController.swift */; };
		072CCE38234756F8007D0F77 /* Main.storyboard in Resources */ = {isa = PBXBuildFile; fileRef = 072CCE36234756F8007D0F77 /* Main.storyboard */; };
		072CCE3A234756FA007D0F77 /* Assets.xcassets in Resources */ = {isa = PBXBuildFile; fileRef = 072CCE39234756FA007D0F77 /* Assets.xcassets */; };
		072CCE3D234756FA007D0F77 /* LaunchScreen.storyboard in Resources */ = {isa = PBXBuildFile; fileRef = 072CCE3B234756FA007D0F77 /* LaunchScreen.storyboard */; };
		072CCE4523475F37007D0F77 /* DataViewController.swift in Sources */ = {isa = PBXBuildFile; fileRef = 072CCE4423475F37007D0F77 /* DataViewController.swift */; };
		072CCE47234B1DB9007D0F77 /* VerticallyButton.swift in Sources */ = {isa = PBXBuildFile; fileRef = 072CCE46234B1DB9007D0F77 /* VerticallyButton.swift */; };
		07386284235071CF00F22148 /* GMUKMLParser.m in Sources */ = {isa = PBXBuildFile; fileRef = 0738623B235071CF00F22148 /* GMUKMLParser.m */; };
		07386285235071CF00F22148 /* GMUGeometryRenderer.m in Sources */ = {isa = PBXBuildFile; fileRef = 0738623C235071CF00F22148 /* GMUGeometryRenderer.m */; };
		07386286235071CF00F22148 /* GMUGeometryCollection.m in Sources */ = {isa = PBXBuildFile; fileRef = 0738623F235071CF00F22148 /* GMUGeometryCollection.m */; };
		07386287235071CF00F22148 /* GMUPlacemark.m in Sources */ = {isa = PBXBuildFile; fileRef = 07386242235071CF00F22148 /* GMUPlacemark.m */; };
		07386288235071CF00F22148 /* GMUPolygon.m in Sources */ = {isa = PBXBuildFile; fileRef = 07386243235071CF00F22148 /* GMUPolygon.m */; };
		07386289235071CF00F22148 /* GMUStyleMap.m in Sources */ = {isa = PBXBuildFile; fileRef = 07386246235071CF00F22148 /* GMUStyleMap.m */; };
		0738628A235071CF00F22148 /* GMUFeature.m in Sources */ = {isa = PBXBuildFile; fileRef = 07386247235071CF00F22148 /* GMUFeature.m */; };
		0738628B235071CF00F22148 /* GMUGroundOverlay.m in Sources */ = {isa = PBXBuildFile; fileRef = 07386249235071CF00F22148 /* GMUGroundOverlay.m */; };
		0738628C235071CF00F22148 /* GMUStyle.m in Sources */ = {isa = PBXBuildFile; fileRef = 0738624A235071CF00F22148 /* GMUStyle.m */; };
		0738628D235071CF00F22148 /* GMUPoint.m in Sources */ = {isa = PBXBuildFile; fileRef = 0738624B235071CF00F22148 /* GMUPoint.m */; };
		0738628E235071CF00F22148 /* GMUPair.m in Sources */ = {isa = PBXBuildFile; fileRef = 0738624E235071CF00F22148 /* GMUPair.m */; };
		0738628F235071CF00F22148 /* GMULineString.m in Sources */ = {isa = PBXBuildFile; fileRef = 07386253235071CF00F22148 /* GMULineString.m */; };
		07386290235071CF00F22148 /* GMUGeoJSONParser.m in Sources */ = {isa = PBXBuildFile; fileRef = 07386257235071CF00F22148 /* GMUGeoJSONParser.m */; };
		07386291235071CF00F22148 /* GMUClusterManager.m in Sources */ = {isa = PBXBuildFile; fileRef = 0738625A235071CF00F22148 /* GMUClusterManager.m */; };
		07386292235071CF00F22148 /* GMUGridBasedClusterAlgorithm.m in Sources */ = {isa = PBXBuildFile; fileRef = 0738625E235071CF00F22148 /* GMUGridBasedClusterAlgorithm.m */; };
		07386293235071CF00F22148 /* GMUWrappingDictionaryKey.m in Sources */ = {isa = PBXBuildFile; fileRef = 07386261235071CF00F22148 /* GMUWrappingDictionaryKey.m */; };
		07386294235071CF00F22148 /* GMUSimpleClusterAlgorithm.m in Sources */ = {isa = PBXBuildFile; fileRef = 07386262235071CF00F22148 /* GMUSimpleClusterAlgorithm.m */; };
		07386295235071CF00F22148 /* GMUNonHierarchicalDistanceBasedAlgorithm.m in Sources */ = {isa = PBXBuildFile; fileRef = 07386264235071CF00F22148 /* GMUNonHierarchicalDistanceBasedAlgorithm.m */; };
		07386296235071CF00F22148 /* GMUDefaultClusterRenderer.m in Sources */ = {isa = PBXBuildFile; fileRef = 0738626D235071CF00F22148 /* GMUDefaultClusterRenderer.m */; };
		07386297235071CF00F22148 /* GMUDefaultClusterIconGenerator.m in Sources */ = {isa = PBXBuildFile; fileRef = 0738626F235071CF00F22148 /* GMUDefaultClusterIconGenerator.m */; };
		07386298235071CF00F22148 /* GMUStaticCluster.m in Sources */ = {isa = PBXBuildFile; fileRef = 07386272235071CF00F22148 /* GMUStaticCluster.m */; };
		07386299235071CF00F22148 /* GQTPointQuadTree.m in Sources */ = {isa = PBXBuildFile; fileRef = 07386276235071CF00F22148 /* GQTPointQuadTree.m */; };
		0738629A235071CF00F22148 /* GQTPointQuadTreeChild.m in Sources */ = {isa = PBXBuildFile; fileRef = 07386278235071CF00F22148 /* GQTPointQuadTreeChild.m */; };
		0738629B235071CF00F22148 /* GMUWeightedLatLng.m in Sources */ = {isa = PBXBuildFile; fileRef = 0738627F235071CF00F22148 /* GMUWeightedLatLng.m */; };
		0738629C235071CF00F22148 /* GMUGradient.m in Sources */ = {isa = PBXBuildFile; fileRef = 07386282235071CF00F22148 /* GMUGradient.m */; };
		0738629D235071CF00F22148 /* GMUHeatmapTileLayer.m in Sources */ = {isa = PBXBuildFile; fileRef = 07386283235071CF00F22148 /* GMUHeatmapTileLayer.m */; };
		073862A0235079E100F22148 /* POIItem.swift in Sources */ = {isa = PBXBuildFile; fileRef = 0738629F235079E100F22148 /* POIItem.swift */; };
		073862A72350A62A00F22148 /* Point.swift in Sources */ = {isa = PBXBuildFile; fileRef = 073862A62350A62A00F22148 /* Point.swift */; };
		073862A92350A72900F22148 /* CoorinatesMock.swift in Sources */ = {isa = PBXBuildFile; fileRef = 073862A82350A72900F22148 /* CoorinatesMock.swift */; };
		073862B423544B5D00F22148 /* MapZoom.swift in Sources */ = {isa = PBXBuildFile; fileRef = 073862B323544B5D00F22148 /* MapZoom.swift */; };
		0762243A236C0796004BA066 /* DataViewModel.swift in Sources */ = {isa = PBXBuildFile; fileRef = 07622439236C0796004BA066 /* DataViewModel.swift */; };
		0767E592235466C30092EEEC /* LocationTypes.swift in Sources */ = {isa = PBXBuildFile; fileRef = 0767E591235466C30092EEEC /* LocationTypes.swift */; };
		0767E597235489410092EEEC /* UIImage.swift in Sources */ = {isa = PBXBuildFile; fileRef = 0767E596235489410092EEEC /* UIImage.swift */; };
		0767E59923549CAA0092EEEC /* MapClusterIconGenerator.swift in Sources */ = {isa = PBXBuildFile; fileRef = 0767E59823549CAA0092EEEC /* MapClusterIconGenerator.swift */; };
		076C058D234E0A78008517EE /* UICollectionView+Reusable.swift in Sources */ = {isa = PBXBuildFile; fileRef = 076C058C234E0A78008517EE /* UICollectionView+Reusable.swift */; };
		076C058F234E0ADF008517EE /* NibLoadable.swift in Sources */ = {isa = PBXBuildFile; fileRef = 076C058E234E0ADF008517EE /* NibLoadable.swift */; };
		076C0591234E0B65008517EE /* Reusable.swift in Sources */ = {isa = PBXBuildFile; fileRef = 076C0590234E0B65008517EE /* Reusable.swift */; };
		076C0595234E109F008517EE /* PhotoCell.swift in Sources */ = {isa = PBXBuildFile; fileRef = 076C0594234E109F008517EE /* PhotoCell.swift */; };
		0770B91C23715802003D557D /* ClusterManager.swift in Sources */ = {isa = PBXBuildFile; fileRef = 0770B91B23715802003D557D /* ClusterManager.swift */; };
		07965033234B4B0B005C72B2 /* TransitionDirection.swift in Sources */ = {isa = PBXBuildFile; fileRef = 07965031234B4B0B005C72B2 /* TransitionDirection.swift */; };
		07965034234B4B0B005C72B2 /* TransitionDriver.swift in Sources */ = {isa = PBXBuildFile; fileRef = 07965032234B4B0B005C72B2 /* TransitionDriver.swift */; };
		07965039234B4B1D005C72B2 /* InstantPanGestureRecognizer.swift in Sources */ = {isa = PBXBuildFile; fileRef = 07965035234B4B1C005C72B2 /* InstantPanGestureRecognizer.swift */; };
		0796503A234B4B1D005C72B2 /* Math.swift in Sources */ = {isa = PBXBuildFile; fileRef = 07965036234B4B1C005C72B2 /* Math.swift */; };
		0796503B234B4B1D005C72B2 /* PanelTransition.swift in Sources */ = {isa = PBXBuildFile; fileRef = 07965037234B4B1D005C72B2 /* PanelTransition.swift */; };
		07965043234B4B35005C72B2 /* PresentationController.swift in Sources */ = {isa = PBXBuildFile; fileRef = 0796503E234B4B35005C72B2 /* PresentationController.swift */; };
		07965044234B4B35005C72B2 /* DimmPresentationController.swift in Sources */ = {isa = PBXBuildFile; fileRef = 0796503F234B4B35005C72B2 /* DimmPresentationController.swift */; };
		07965045234B4B35005C72B2 /* PresentAnimation.swift in Sources */ = {isa = PBXBuildFile; fileRef = 07965041234B4B35005C72B2 /* PresentAnimation.swift */; };
		07965046234B4B35005C72B2 /* DismissAnimation.swift in Sources */ = {isa = PBXBuildFile; fileRef = 07965042234B4B35005C72B2 /* DismissAnimation.swift */; };
		913BBC9FA4099A2CE763922A /* libPods-65AppsGoogleMaps.a in Frameworks */ = {isa = PBXBuildFile; fileRef = DC8405DCC4ACC5D4122AFB37 /* libPods-65AppsGoogleMaps.a */; };
/* End PBXBuildFile section */

/* Begin PBXContainerItemProxy section */
		0722B104235D9A65000BB03D /* PBXContainerItemProxy */ = {
			isa = PBXContainerItemProxy;
			containerPortal = 07965047234B5E5E005C72B2 /* Pods.xcodeproj */;
			proxyType = 2;
			remoteGlobalIDString = 5D797E9A5C5782CE845840781FA1CC81;
			remoteInfo = Alamofire;
		};
		0722B106235D9A65000BB03D /* PBXContainerItemProxy */ = {
			isa = PBXContainerItemProxy;
			containerPortal = 07965047234B5E5E005C72B2 /* Pods.xcodeproj */;
			proxyType = 2;
			remoteGlobalIDString = 3756A9BBE41ABEE8DCBF5BCA6972C4DA;
			remoteInfo = Moya;
		};
		0722B108235D9A65000BB03D /* PBXContainerItemProxy */ = {
			isa = PBXContainerItemProxy;
			containerPortal = 07965047234B5E5E005C72B2 /* Pods.xcodeproj */;
			proxyType = 2;
			remoteGlobalIDString = 0461B3F80FC05957690727254D64DB36;
			remoteInfo = Result;
		};
		0796504D234B5E5E005C72B2 /* PBXContainerItemProxy */ = {
			isa = PBXContainerItemProxy;
			containerPortal = 07965047234B5E5E005C72B2 /* Pods.xcodeproj */;
			proxyType = 2;
			remoteGlobalIDString = 53ADD3039CD2D200814597B122A8124F;
			remoteInfo = "Pods-65AppsGoogleMaps";
		};
/* End PBXContainerItemProxy section */

/* Begin PBXFileReference section */
		0722B0FC235D9A64000BB03D /* CoordinatesModel.swift */ = {isa = PBXFileReference; lastKnownFileType = sourcecode.swift; path = CoordinatesModel.swift; sourceTree = "<group>"; };
		0722B10B235DA49F000BB03D /* MoyaService.swift */ = {isa = PBXFileReference; lastKnownFileType = sourcecode.swift; path = MoyaService.swift; sourceTree = "<group>"; };
		0722B10D235DA967000BB03D /* NetworkManager.swift */ = {isa = PBXFileReference; lastKnownFileType = sourcecode.swift; path = NetworkManager.swift; sourceTree = "<group>"; };
		0722B110235DC2AA000BB03D /* MapViewModel.swift */ = {isa = PBXFileReference; lastKnownFileType = sourcecode.swift; path = MapViewModel.swift; sourceTree = "<group>"; };
		072CCE2F234756F8007D0F77 /* 65AppsGoogleMaps.app */ = {isa = PBXFileReference; explicitFileType = wrapper.application; includeInIndex = 0; path = 65AppsGoogleMaps.app; sourceTree = BUILT_PRODUCTS_DIR; };
		072CCE32234756F8007D0F77 /* AppDelegate.swift */ = {isa = PBXFileReference; lastKnownFileType = sourcecode.swift; path = AppDelegate.swift; sourceTree = "<group>"; };
		072CCE34234756F8007D0F77 /* MapViewController.swift */ = {isa = PBXFileReference; lastKnownFileType = sourcecode.swift; path = MapViewController.swift; sourceTree = "<group>"; };
		072CCE37234756F8007D0F77 /* Base */ = {isa = PBXFileReference; lastKnownFileType = file.storyboard; name = Base; path = Base.lproj/Main.storyboard; sourceTree = "<group>"; };
		072CCE39234756FA007D0F77 /* Assets.xcassets */ = {isa = PBXFileReference; lastKnownFileType = folder.assetcatalog; path = Assets.xcassets; sourceTree = "<group>"; };
		072CCE3C234756FA007D0F77 /* Base */ = {isa = PBXFileReference; lastKnownFileType = file.storyboard; name = Base; path = Base.lproj/LaunchScreen.storyboard; sourceTree = "<group>"; };
		072CCE3E234756FA007D0F77 /* Info.plist */ = {isa = PBXFileReference; lastKnownFileType = text.plist.xml; path = Info.plist; sourceTree = "<group>"; };
		072CCE4423475F37007D0F77 /* DataViewController.swift */ = {isa = PBXFileReference; lastKnownFileType = sourcecode.swift; path = DataViewController.swift; sourceTree = "<group>"; };
		072CCE46234B1DB9007D0F77 /* VerticallyButton.swift */ = {isa = PBXFileReference; lastKnownFileType = sourcecode.swift; path = VerticallyButton.swift; sourceTree = "<group>"; };
		0738623B235071CF00F22148 /* GMUKMLParser.m */ = {isa = PBXFileReference; fileEncoding = 4; lastKnownFileType = sourcecode.c.objc; path = GMUKMLParser.m; sourceTree = "<group>"; };
		0738623C235071CF00F22148 /* GMUGeometryRenderer.m */ = {isa = PBXFileReference; fileEncoding = 4; lastKnownFileType = sourcecode.c.objc; path = GMUGeometryRenderer.m; sourceTree = "<group>"; };
		0738623D235071CF00F22148 /* GMUGeoJSONParser.h */ = {isa = PBXFileReference; fileEncoding = 4; lastKnownFileType = sourcecode.c.h; path = GMUGeoJSONParser.h; sourceTree = "<group>"; };
		0738623F235071CF00F22148 /* GMUGeometryCollection.m */ = {isa = PBXFileReference; fileEncoding = 4; lastKnownFileType = sourcecode.c.objc; path = GMUGeometryCollection.m; sourceTree = "<group>"; };
		07386240235071CF00F22148 /* GMUPoint.h */ = {isa = PBXFileReference; fileEncoding = 4; lastKnownFileType = sourcecode.c.h; path = GMUPoint.h; sourceTree = "<group>"; };
		07386241235071CF00F22148 /* GMUStyle.h */ = {isa = PBXFileReference; fileEncoding = 4; lastKnownFileType = sourcecode.c.h; path = GMUStyle.h; sourceTree = "<group>"; };
		07386242235071CF00F22148 /* GMUPlacemark.m */ = {isa = PBXFileReference; fileEncoding = 4; lastKnownFileType = sourcecode.c.objc; path = GMUPlacemark.m; sourceTree = "<group>"; };
		07386243235071CF00F22148 /* GMUPolygon.m */ = {isa = PBXFileReference; fileEncoding = 4; lastKnownFileType = sourcecode.c.objc; path = GMUPolygon.m; sourceTree = "<group>"; };
		07386244235071CF00F22148 /* GMUPair.h */ = {isa = PBXFileReference; fileEncoding = 4; lastKnownFileType = sourcecode.c.h; path = GMUPair.h; sourceTree = "<group>"; };
		07386245235071CF00F22148 /* GMUGeometryContainer.h */ = {isa = PBXFileReference; fileEncoding = 4; lastKnownFileType = sourcecode.c.h; path = GMUGeometryContainer.h; sourceTree = "<group>"; };
		07386246235071CF00F22148 /* GMUStyleMap.m */ = {isa = PBXFileReference; fileEncoding = 4; lastKnownFileType = sourcecode.c.objc; path = GMUStyleMap.m; sourceTree = "<group>"; };
		07386247235071CF00F22148 /* GMUFeature.m */ = {isa = PBXFileReference; fileEncoding = 4; lastKnownFileType = sourcecode.c.objc; path = GMUFeature.m; sourceTree = "<group>"; };
		07386248235071CF00F22148 /* GMULineString.h */ = {isa = PBXFileReference; fileEncoding = 4; lastKnownFileType = sourcecode.c.h; path = GMULineString.h; sourceTree = "<group>"; };
		07386249235071CF00F22148 /* GMUGroundOverlay.m */ = {isa = PBXFileReference; fileEncoding = 4; lastKnownFileType = sourcecode.c.objc; path = GMUGroundOverlay.m; sourceTree = "<group>"; };
		0738624A235071CF00F22148 /* GMUStyle.m */ = {isa = PBXFileReference; fileEncoding = 4; lastKnownFileType = sourcecode.c.objc; path = GMUStyle.m; sourceTree = "<group>"; };
		0738624B235071CF00F22148 /* GMUPoint.m */ = {isa = PBXFileReference; fileEncoding = 4; lastKnownFileType = sourcecode.c.objc; path = GMUPoint.m; sourceTree = "<group>"; };
		0738624C235071CF00F22148 /* GMUGeometry.h */ = {isa = PBXFileReference; fileEncoding = 4; lastKnownFileType = sourcecode.c.h; path = GMUGeometry.h; sourceTree = "<group>"; };
		0738624D235071CF00F22148 /* GMUGeometryCollection.h */ = {isa = PBXFileReference; fileEncoding = 4; lastKnownFileType = sourcecode.c.h; path = GMUGeometryCollection.h; sourceTree = "<group>"; };
		0738624E235071CF00F22148 /* GMUPair.m */ = {isa = PBXFileReference; fileEncoding = 4; lastKnownFileType = sourcecode.c.objc; path = GMUPair.m; sourceTree = "<group>"; };
		0738624F235071CF00F22148 /* GMUPolygon.h */ = {isa = PBXFileReference; fileEncoding = 4; lastKnownFileType = sourcecode.c.h; path = GMUPolygon.h; sourceTree = "<group>"; };
		07386250235071CF00F22148 /* GMUPlacemark.h */ = {isa = PBXFileReference; fileEncoding = 4; lastKnownFileType = sourcecode.c.h; path = GMUPlacemark.h; sourceTree = "<group>"; };
		07386251235071CF00F22148 /* GMUStyleMap.h */ = {isa = PBXFileReference; fileEncoding = 4; lastKnownFileType = sourcecode.c.h; path = GMUStyleMap.h; sourceTree = "<group>"; };
		07386252235071CF00F22148 /* GMUGroundOverlay.h */ = {isa = PBXFileReference; fileEncoding = 4; lastKnownFileType = sourcecode.c.h; path = GMUGroundOverlay.h; sourceTree = "<group>"; };
		07386253235071CF00F22148 /* GMULineString.m */ = {isa = PBXFileReference; fileEncoding = 4; lastKnownFileType = sourcecode.c.objc; path = GMULineString.m; sourceTree = "<group>"; };
		07386254235071CF00F22148 /* GMUFeature.h */ = {isa = PBXFileReference; fileEncoding = 4; lastKnownFileType = sourcecode.c.h; path = GMUFeature.h; sourceTree = "<group>"; };
		07386255235071CF00F22148 /* GMUKMLParser.h */ = {isa = PBXFileReference; fileEncoding = 4; lastKnownFileType = sourcecode.c.h; path = GMUKMLParser.h; sourceTree = "<group>"; };
		07386256235071CF00F22148 /* GMUGeometryRenderer+Testing.h */ = {isa = PBXFileReference; fileEncoding = 4; lastKnownFileType = sourcecode.c.h; path = "GMUGeometryRenderer+Testing.h"; sourceTree = "<group>"; };
		07386257235071CF00F22148 /* GMUGeoJSONParser.m */ = {isa = PBXFileReference; fileEncoding = 4; lastKnownFileType = sourcecode.c.objc; path = GMUGeoJSONParser.m; sourceTree = "<group>"; };
		07386258235071CF00F22148 /* GMUGeometryRenderer.h */ = {isa = PBXFileReference; fileEncoding = 4; lastKnownFileType = sourcecode.c.h; path = GMUGeometryRenderer.h; sourceTree = "<group>"; };
		0738625A235071CF00F22148 /* GMUClusterManager.m */ = {isa = PBXFileReference; fileEncoding = 4; lastKnownFileType = sourcecode.c.objc; path = GMUClusterManager.m; sourceTree = "<group>"; };
		0738625B235071CF00F22148 /* GMUStaticCluster.h */ = {isa = PBXFileReference; fileEncoding = 4; lastKnownFileType = sourcecode.c.h; path = GMUStaticCluster.h; sourceTree = "<group>"; };
		0738625C235071CF00F22148 /* GMUMarkerClustering.h */ = {isa = PBXFileReference; fileEncoding = 4; lastKnownFileType = sourcecode.c.h; path = GMUMarkerClustering.h; sourceTree = "<group>"; };
		0738625E235071CF00F22148 /* GMUGridBasedClusterAlgorithm.m */ = {isa = PBXFileReference; fileEncoding = 4; lastKnownFileType = sourcecode.c.objc; path = GMUGridBasedClusterAlgorithm.m; sourceTree = "<group>"; };
		0738625F235071CF00F22148 /* GMUClusterAlgorithm.h */ = {isa = PBXFileReference; fileEncoding = 4; lastKnownFileType = sourcecode.c.h; path = GMUClusterAlgorithm.h; sourceTree = "<group>"; };
		07386260235071CF00F22148 /* GMUNonHierarchicalDistanceBasedAlgorithm.h */ = {isa = PBXFileReference; fileEncoding = 4; lastKnownFileType = sourcecode.c.h; path = GMUNonHierarchicalDistanceBasedAlgorithm.h; sourceTree = "<group>"; };
		07386261235071CF00F22148 /* GMUWrappingDictionaryKey.m */ = {isa = PBXFileReference; fileEncoding = 4; lastKnownFileType = sourcecode.c.objc; path = GMUWrappingDictionaryKey.m; sourceTree = "<group>"; };
		07386262235071CF00F22148 /* GMUSimpleClusterAlgorithm.m */ = {isa = PBXFileReference; fileEncoding = 4; lastKnownFileType = sourcecode.c.objc; path = GMUSimpleClusterAlgorithm.m; sourceTree = "<group>"; };
		07386263235071CF00F22148 /* GMUGridBasedClusterAlgorithm.h */ = {isa = PBXFileReference; fileEncoding = 4; lastKnownFileType = sourcecode.c.h; path = GMUGridBasedClusterAlgorithm.h; sourceTree = "<group>"; };
		07386264235071CF00F22148 /* GMUNonHierarchicalDistanceBasedAlgorithm.m */ = {isa = PBXFileReference; fileEncoding = 4; lastKnownFileType = sourcecode.c.objc; path = GMUNonHierarchicalDistanceBasedAlgorithm.m; sourceTree = "<group>"; };
		07386265235071CF00F22148 /* GMUSimpleClusterAlgorithm.h */ = {isa = PBXFileReference; fileEncoding = 4; lastKnownFileType = sourcecode.c.h; path = GMUSimpleClusterAlgorithm.h; sourceTree = "<group>"; };
		07386266235071CF00F22148 /* GMUWrappingDictionaryKey.h */ = {isa = PBXFileReference; fileEncoding = 4; lastKnownFileType = sourcecode.c.h; path = GMUWrappingDictionaryKey.h; sourceTree = "<group>"; };
		07386267235071CF00F22148 /* GMUClusterManager.h */ = {isa = PBXFileReference; fileEncoding = 4; lastKnownFileType = sourcecode.c.h; path = GMUClusterManager.h; sourceTree = "<group>"; };
		07386268235071CF00F22148 /* GMUClusterManager+Testing.h */ = {isa = PBXFileReference; fileEncoding = 4; lastKnownFileType = sourcecode.c.h; path = "GMUClusterManager+Testing.h"; sourceTree = "<group>"; };
		0738626A235071CF00F22148 /* GMUClusterIconGenerator.h */ = {isa = PBXFileReference; fileEncoding = 4; lastKnownFileType = sourcecode.c.h; path = GMUClusterIconGenerator.h; sourceTree = "<group>"; };
		0738626B235071CF00F22148 /* GMUClusterRenderer.h */ = {isa = PBXFileReference; fileEncoding = 4; lastKnownFileType = sourcecode.c.h; path = GMUClusterRenderer.h; sourceTree = "<group>"; };
		0738626C235071CF00F22148 /* GMUDefaultClusterRenderer+Testing.h */ = {isa = PBXFileReference; fileEncoding = 4; lastKnownFileType = sourcecode.c.h; path = "GMUDefaultClusterRenderer+Testing.h"; sourceTree = "<group>"; };
		0738626D235071CF00F22148 /* GMUDefaultClusterRenderer.m */ = {isa = PBXFileReference; fileEncoding = 4; lastKnownFileType = sourcecode.c.objc; path = GMUDefaultClusterRenderer.m; sourceTree = "<group>"; };
		0738626E235071CF00F22148 /* GMUDefaultClusterIconGenerator.h */ = {isa = PBXFileReference; fileEncoding = 4; lastKnownFileType = sourcecode.c.h; path = GMUDefaultClusterIconGenerator.h; sourceTree = "<group>"; };
		0738626F235071CF00F22148 /* GMUDefaultClusterIconGenerator.m */ = {isa = PBXFileReference; fileEncoding = 4; lastKnownFileType = sourcecode.c.objc; path = GMUDefaultClusterIconGenerator.m; sourceTree = "<group>"; };
		07386270235071CF00F22148 /* GMUDefaultClusterRenderer.h */ = {isa = PBXFileReference; fileEncoding = 4; lastKnownFileType = sourcecode.c.h; path = GMUDefaultClusterRenderer.h; sourceTree = "<group>"; };
		07386271235071CF00F22148 /* GMUDefaultClusterIconGenerator+Testing.h */ = {isa = PBXFileReference; fileEncoding = 4; lastKnownFileType = sourcecode.c.h; path = "GMUDefaultClusterIconGenerator+Testing.h"; sourceTree = "<group>"; };
		07386272235071CF00F22148 /* GMUStaticCluster.m */ = {isa = PBXFileReference; fileEncoding = 4; lastKnownFileType = sourcecode.c.objc; path = GMUStaticCluster.m; sourceTree = "<group>"; };
		07386273235071CF00F22148 /* GMUCluster.h */ = {isa = PBXFileReference; fileEncoding = 4; lastKnownFileType = sourcecode.c.h; path = GMUCluster.h; sourceTree = "<group>"; };
		07386274235071CF00F22148 /* GMUClusterItem.h */ = {isa = PBXFileReference; fileEncoding = 4; lastKnownFileType = sourcecode.c.h; path = GMUClusterItem.h; sourceTree = "<group>"; };
		07386276235071CF00F22148 /* GQTPointQuadTree.m */ = {isa = PBXFileReference; fileEncoding = 4; lastKnownFileType = sourcecode.c.objc; path = GQTPointQuadTree.m; sourceTree = "<group>"; };
		07386277235071CF00F22148 /* GQTPointQuadTreeItem.h */ = {isa = PBXFileReference; fileEncoding = 4; lastKnownFileType = sourcecode.c.h; path = GQTPointQuadTreeItem.h; sourceTree = "<group>"; };
		07386278235071CF00F22148 /* GQTPointQuadTreeChild.m */ = {isa = PBXFileReference; fileEncoding = 4; lastKnownFileType = sourcecode.c.objc; path = GQTPointQuadTreeChild.m; sourceTree = "<group>"; };
		07386279235071CF00F22148 /* GQTPoint.h */ = {isa = PBXFileReference; fileEncoding = 4; lastKnownFileType = sourcecode.c.h; path = GQTPoint.h; sourceTree = "<group>"; };
		0738627A235071CF00F22148 /* GQTPointQuadTree.h */ = {isa = PBXFileReference; fileEncoding = 4; lastKnownFileType = sourcecode.c.h; path = GQTPointQuadTree.h; sourceTree = "<group>"; };
		0738627B235071CF00F22148 /* GQTPointQuadTreeChild.h */ = {isa = PBXFileReference; fileEncoding = 4; lastKnownFileType = sourcecode.c.h; path = GQTPointQuadTreeChild.h; sourceTree = "<group>"; };
		0738627C235071CF00F22148 /* GQTBounds.h */ = {isa = PBXFileReference; fileEncoding = 4; lastKnownFileType = sourcecode.c.h; path = GQTBounds.h; sourceTree = "<group>"; };
		0738627E235071CF00F22148 /* GMUGradient.h */ = {isa = PBXFileReference; fileEncoding = 4; lastKnownFileType = sourcecode.c.h; path = GMUGradient.h; sourceTree = "<group>"; };
		0738627F235071CF00F22148 /* GMUWeightedLatLng.m */ = {isa = PBXFileReference; fileEncoding = 4; lastKnownFileType = sourcecode.c.objc; path = GMUWeightedLatLng.m; sourceTree = "<group>"; };
		07386280235071CF00F22148 /* GMUHeatmapTileLayer.h */ = {isa = PBXFileReference; fileEncoding = 4; lastKnownFileType = sourcecode.c.h; path = GMUHeatmapTileLayer.h; sourceTree = "<group>"; };
		07386281235071CF00F22148 /* GMUWeightedLatLng.h */ = {isa = PBXFileReference; fileEncoding = 4; lastKnownFileType = sourcecode.c.h; path = GMUWeightedLatLng.h; sourceTree = "<group>"; };
		07386282235071CF00F22148 /* GMUGradient.m */ = {isa = PBXFileReference; fileEncoding = 4; lastKnownFileType = sourcecode.c.objc; path = GMUGradient.m; sourceTree = "<group>"; };
		07386283235071CF00F22148 /* GMUHeatmapTileLayer.m */ = {isa = PBXFileReference; fileEncoding = 4; lastKnownFileType = sourcecode.c.objc; path = GMUHeatmapTileLayer.m; sourceTree = "<group>"; };
		0738629E2350745D00F22148 /* BridgingHeader.h */ = {isa = PBXFileReference; lastKnownFileType = sourcecode.c.h; path = BridgingHeader.h; sourceTree = "<group>"; };
		0738629F235079E100F22148 /* POIItem.swift */ = {isa = PBXFileReference; lastKnownFileType = sourcecode.swift; path = POIItem.swift; sourceTree = "<group>"; };
		073862A62350A62A00F22148 /* Point.swift */ = {isa = PBXFileReference; lastKnownFileType = sourcecode.swift; path = Point.swift; sourceTree = "<group>"; };
		073862A82350A72900F22148 /* CoorinatesMock.swift */ = {isa = PBXFileReference; lastKnownFileType = sourcecode.swift; path = CoorinatesMock.swift; sourceTree = "<group>"; };
		073862B323544B5D00F22148 /* MapZoom.swift */ = {isa = PBXFileReference; lastKnownFileType = sourcecode.swift; path = MapZoom.swift; sourceTree = "<group>"; };
		07622439236C0796004BA066 /* DataViewModel.swift */ = {isa = PBXFileReference; lastKnownFileType = sourcecode.swift; path = DataViewModel.swift; sourceTree = "<group>"; };
		0767E591235466C30092EEEC /* LocationTypes.swift */ = {isa = PBXFileReference; lastKnownFileType = sourcecode.swift; path = LocationTypes.swift; sourceTree = "<group>"; };
		0767E596235489410092EEEC /* UIImage.swift */ = {isa = PBXFileReference; lastKnownFileType = sourcecode.swift; path = UIImage.swift; sourceTree = "<group>"; };
		0767E59823549CAA0092EEEC /* MapClusterIconGenerator.swift */ = {isa = PBXFileReference; lastKnownFileType = sourcecode.swift; path = MapClusterIconGenerator.swift; sourceTree = "<group>"; };
		076C058C234E0A78008517EE /* UICollectionView+Reusable.swift */ = {isa = PBXFileReference; lastKnownFileType = sourcecode.swift; path = "UICollectionView+Reusable.swift"; sourceTree = "<group>"; };
		076C058E234E0ADF008517EE /* NibLoadable.swift */ = {isa = PBXFileReference; lastKnownFileType = sourcecode.swift; path = NibLoadable.swift; sourceTree = "<group>"; };
		076C0590234E0B65008517EE /* Reusable.swift */ = {isa = PBXFileReference; lastKnownFileType = sourcecode.swift; path = Reusable.swift; sourceTree = "<group>"; };
		076C0594234E109F008517EE /* PhotoCell.swift */ = {isa = PBXFileReference; lastKnownFileType = sourcecode.swift; path = PhotoCell.swift; sourceTree = "<group>"; };
		0770B91B23715802003D557D /* ClusterManager.swift */ = {isa = PBXFileReference; lastKnownFileType = sourcecode.swift; path = ClusterManager.swift; sourceTree = "<group>"; };
		07965031234B4B0B005C72B2 /* TransitionDirection.swift */ = {isa = PBXFileReference; fileEncoding = 4; lastKnownFileType = sourcecode.swift; path = TransitionDirection.swift; sourceTree = "<group>"; };
		07965032234B4B0B005C72B2 /* TransitionDriver.swift */ = {isa = PBXFileReference; fileEncoding = 4; lastKnownFileType = sourcecode.swift; path = TransitionDriver.swift; sourceTree = "<group>"; };
		07965035234B4B1C005C72B2 /* InstantPanGestureRecognizer.swift */ = {isa = PBXFileReference; fileEncoding = 4; lastKnownFileType = sourcecode.swift; path = InstantPanGestureRecognizer.swift; sourceTree = "<group>"; };
		07965036234B4B1C005C72B2 /* Math.swift */ = {isa = PBXFileReference; fileEncoding = 4; lastKnownFileType = sourcecode.swift; path = Math.swift; sourceTree = "<group>"; };
		07965037234B4B1D005C72B2 /* PanelTransition.swift */ = {isa = PBXFileReference; fileEncoding = 4; lastKnownFileType = sourcecode.swift; path = PanelTransition.swift; sourceTree = "<group>"; };
		0796503E234B4B35005C72B2 /* PresentationController.swift */ = {isa = PBXFileReference; fileEncoding = 4; lastKnownFileType = sourcecode.swift; path = PresentationController.swift; sourceTree = "<group>"; };
		0796503F234B4B35005C72B2 /* DimmPresentationController.swift */ = {isa = PBXFileReference; fileEncoding = 4; lastKnownFileType = sourcecode.swift; path = DimmPresentationController.swift; sourceTree = "<group>"; };
		07965041234B4B35005C72B2 /* PresentAnimation.swift */ = {isa = PBXFileReference; fileEncoding = 4; lastKnownFileType = sourcecode.swift; path = PresentAnimation.swift; sourceTree = "<group>"; };
		07965042234B4B35005C72B2 /* DismissAnimation.swift */ = {isa = PBXFileReference; fileEncoding = 4; lastKnownFileType = sourcecode.swift; path = DismissAnimation.swift; sourceTree = "<group>"; };
		07965047234B5E5E005C72B2 /* Pods.xcodeproj */ = {isa = PBXFileReference; lastKnownFileType = "wrapper.pb-project"; name = Pods.xcodeproj; path = Pods/Pods.xcodeproj; sourceTree = "<group>"; };
		08FC217596620E77F3C8C1CF /* Pods-65AppsGoogleMaps.release.xcconfig */ = {isa = PBXFileReference; includeInIndex = 1; lastKnownFileType = text.xcconfig; name = "Pods-65AppsGoogleMaps.release.xcconfig"; path = "Target Support Files/Pods-65AppsGoogleMaps/Pods-65AppsGoogleMaps.release.xcconfig"; sourceTree = "<group>"; };
		9A706D940010AC3FBB33F988 /* Pods-65AppsGoogleMaps.debug.xcconfig */ = {isa = PBXFileReference; includeInIndex = 1; lastKnownFileType = text.xcconfig; name = "Pods-65AppsGoogleMaps.debug.xcconfig"; path = "Target Support Files/Pods-65AppsGoogleMaps/Pods-65AppsGoogleMaps.debug.xcconfig"; sourceTree = "<group>"; };
		DC8405DCC4ACC5D4122AFB37 /* libPods-65AppsGoogleMaps.a */ = {isa = PBXFileReference; explicitFileType = archive.ar; includeInIndex = 0; path = "libPods-65AppsGoogleMaps.a"; sourceTree = BUILT_PRODUCTS_DIR; };
/* End PBXFileReference section */

/* Begin PBXFrameworksBuildPhase section */
		072CCE2C234756F8007D0F77 /* Frameworks */ = {
			isa = PBXFrameworksBuildPhase;
			buildActionMask = 2147483647;
			files = (
				913BBC9FA4099A2CE763922A /* libPods-65AppsGoogleMaps.a in Frameworks */,
			);
			runOnlyForDeploymentPostprocessing = 0;
		};
/* End PBXFrameworksBuildPhase section */

/* Begin PBXGroup section */
		0722B10A235DA472000BB03D /* Network */ = {
			isa = PBXGroup;
			children = (
				0722B10B235DA49F000BB03D /* MoyaService.swift */,
				0722B10D235DA967000BB03D /* NetworkManager.swift */,
			);
			path = Network;
			sourceTree = "<group>";
		};
		072CCE26234756F8007D0F77 = {
			isa = PBXGroup;
			children = (
				072CCE31234756F8007D0F77 /* 65AppsGoogleMaps */,
				072CCE30234756F8007D0F77 /* Products */,
				379C4110EB868F0D5138EE78 /* Pods */,
				7C48A5326A962DA062264BDA /* Frameworks */,
			);
			sourceTree = "<group>";
		};
		072CCE30234756F8007D0F77 /* Products */ = {
			isa = PBXGroup;
			children = (
				072CCE2F234756F8007D0F77 /* 65AppsGoogleMaps.app */,
			);
			name = Products;
			sourceTree = "<group>";
		};
		072CCE31234756F8007D0F77 /* 65AppsGoogleMaps */ = {
			isa = PBXGroup;
			children = (
				0738623623506FB900F22148 /* Google-Maps-iOS-Utils */,
				072CCE32234756F8007D0F77 /* AppDelegate.swift */,
				076C0587234E09F4008517EE /* Extensions */,
				076C058B234E0A36008517EE /* Protocols */,
				073862B223544B4400F22148 /* Enums */,
				0767E59A2355A8C20092EEEC /* View */,
				07C7E6B5236AB07900DD8FE1 /* Data */,
				07C7E6AE236AB06C00DD8FE1 /* Map */,
				0722B10A235DA472000BB03D /* Network */,
				072CCE3E234756FA007D0F77 /* Info.plist */,
				072CCE39234756FA007D0F77 /* Assets.xcassets */,
				0738629E2350745D00F22148 /* BridgingHeader.h */,
			);
			path = 65AppsGoogleMaps;
			sourceTree = "<group>";
		};
		0738623623506FB900F22148 /* Google-Maps-iOS-Utils */ = {
			isa = PBXGroup;
			children = (
				07386259235071CF00F22148 /* Clustering */,
				0738623A235071CF00F22148 /* Geometry */,
				0738627D235071CF00F22148 /* Heatmap */,
				07386275235071CF00F22148 /* QuadTree */,
			);
			path = "Google-Maps-iOS-Utils";
			sourceTree = "<group>";
		};
		0738623A235071CF00F22148 /* Geometry */ = {
			isa = PBXGroup;
			children = (
				0738623B235071CF00F22148 /* GMUKMLParser.m */,
				0738623C235071CF00F22148 /* GMUGeometryRenderer.m */,
				0738623D235071CF00F22148 /* GMUGeoJSONParser.h */,
				0738623E235071CF00F22148 /* Model */,
				07386255235071CF00F22148 /* GMUKMLParser.h */,
				07386256235071CF00F22148 /* GMUGeometryRenderer+Testing.h */,
				07386257235071CF00F22148 /* GMUGeoJSONParser.m */,
				07386258235071CF00F22148 /* GMUGeometryRenderer.h */,
			);
			path = Geometry;
			sourceTree = "<group>";
		};
		0738623E235071CF00F22148 /* Model */ = {
			isa = PBXGroup;
			children = (
				0738623F235071CF00F22148 /* GMUGeometryCollection.m */,
				07386240235071CF00F22148 /* GMUPoint.h */,
				07386241235071CF00F22148 /* GMUStyle.h */,
				07386242235071CF00F22148 /* GMUPlacemark.m */,
				07386243235071CF00F22148 /* GMUPolygon.m */,
				07386244235071CF00F22148 /* GMUPair.h */,
				07386245235071CF00F22148 /* GMUGeometryContainer.h */,
				07386246235071CF00F22148 /* GMUStyleMap.m */,
				07386247235071CF00F22148 /* GMUFeature.m */,
				07386248235071CF00F22148 /* GMULineString.h */,
				07386249235071CF00F22148 /* GMUGroundOverlay.m */,
				0738624A235071CF00F22148 /* GMUStyle.m */,
				0738624B235071CF00F22148 /* GMUPoint.m */,
				0738624C235071CF00F22148 /* GMUGeometry.h */,
				0738624D235071CF00F22148 /* GMUGeometryCollection.h */,
				0738624E235071CF00F22148 /* GMUPair.m */,
				0738624F235071CF00F22148 /* GMUPolygon.h */,
				07386250235071CF00F22148 /* GMUPlacemark.h */,
				07386251235071CF00F22148 /* GMUStyleMap.h */,
				07386252235071CF00F22148 /* GMUGroundOverlay.h */,
				07386253235071CF00F22148 /* GMULineString.m */,
				07386254235071CF00F22148 /* GMUFeature.h */,
			);
			path = Model;
			sourceTree = "<group>";
		};
		07386259235071CF00F22148 /* Clustering */ = {
			isa = PBXGroup;
			children = (
				0738625A235071CF00F22148 /* GMUClusterManager.m */,
				0738625B235071CF00F22148 /* GMUStaticCluster.h */,
				0738625C235071CF00F22148 /* GMUMarkerClustering.h */,
				0738625D235071CF00F22148 /* Algo */,
				07386267235071CF00F22148 /* GMUClusterManager.h */,
				07386268235071CF00F22148 /* GMUClusterManager+Testing.h */,
				07386269235071CF00F22148 /* View */,
				07386272235071CF00F22148 /* GMUStaticCluster.m */,
				07386273235071CF00F22148 /* GMUCluster.h */,
				07386274235071CF00F22148 /* GMUClusterItem.h */,
			);
			path = Clustering;
			sourceTree = "<group>";
		};
		0738625D235071CF00F22148 /* Algo */ = {
			isa = PBXGroup;
			children = (
				0738625E235071CF00F22148 /* GMUGridBasedClusterAlgorithm.m */,
				0738625F235071CF00F22148 /* GMUClusterAlgorithm.h */,
				07386260235071CF00F22148 /* GMUNonHierarchicalDistanceBasedAlgorithm.h */,
				07386261235071CF00F22148 /* GMUWrappingDictionaryKey.m */,
				07386262235071CF00F22148 /* GMUSimpleClusterAlgorithm.m */,
				07386263235071CF00F22148 /* GMUGridBasedClusterAlgorithm.h */,
				07386264235071CF00F22148 /* GMUNonHierarchicalDistanceBasedAlgorithm.m */,
				07386265235071CF00F22148 /* GMUSimpleClusterAlgorithm.h */,
				07386266235071CF00F22148 /* GMUWrappingDictionaryKey.h */,
			);
			path = Algo;
			sourceTree = "<group>";
		};
		07386269235071CF00F22148 /* View */ = {
			isa = PBXGroup;
			children = (
				0738626A235071CF00F22148 /* GMUClusterIconGenerator.h */,
				0738626B235071CF00F22148 /* GMUClusterRenderer.h */,
				0738626C235071CF00F22148 /* GMUDefaultClusterRenderer+Testing.h */,
				0738626D235071CF00F22148 /* GMUDefaultClusterRenderer.m */,
				0738626E235071CF00F22148 /* GMUDefaultClusterIconGenerator.h */,
				0738626F235071CF00F22148 /* GMUDefaultClusterIconGenerator.m */,
				07386270235071CF00F22148 /* GMUDefaultClusterRenderer.h */,
				07386271235071CF00F22148 /* GMUDefaultClusterIconGenerator+Testing.h */,
			);
			path = View;
			sourceTree = "<group>";
		};
		07386275235071CF00F22148 /* QuadTree */ = {
			isa = PBXGroup;
			children = (
				07386276235071CF00F22148 /* GQTPointQuadTree.m */,
				07386277235071CF00F22148 /* GQTPointQuadTreeItem.h */,
				07386278235071CF00F22148 /* GQTPointQuadTreeChild.m */,
				07386279235071CF00F22148 /* GQTPoint.h */,
				0738627A235071CF00F22148 /* GQTPointQuadTree.h */,
				0738627B235071CF00F22148 /* GQTPointQuadTreeChild.h */,
				0738627C235071CF00F22148 /* GQTBounds.h */,
			);
			path = QuadTree;
			sourceTree = "<group>";
		};
		0738627D235071CF00F22148 /* Heatmap */ = {
			isa = PBXGroup;
			children = (
				0738627E235071CF00F22148 /* GMUGradient.h */,
				0738627F235071CF00F22148 /* GMUWeightedLatLng.m */,
				07386280235071CF00F22148 /* GMUHeatmapTileLayer.h */,
				07386281235071CF00F22148 /* GMUWeightedLatLng.h */,
				07386282235071CF00F22148 /* GMUGradient.m */,
				07386283235071CF00F22148 /* GMUHeatmapTileLayer.m */,
			);
			path = Heatmap;
			sourceTree = "<group>";
		};
		073862A22350A60C00F22148 /* Model */ = {
			isa = PBXGroup;
			children = (
				073862A62350A62A00F22148 /* Point.swift */,
				0722B0FC235D9A64000BB03D /* CoordinatesModel.swift */,
				0738629F235079E100F22148 /* POIItem.swift */,
				073862A82350A72900F22148 /* CoorinatesMock.swift */,
			);
			path = Model;
			sourceTree = "<group>";
		};
		073862AA2350AF4800F22148 /* Clasterize */ = {
			isa = PBXGroup;
			children = (
				0767E59823549CAA0092EEEC /* MapClusterIconGenerator.swift */,
				0770B91B23715802003D557D /* ClusterManager.swift */,
			);
			path = Clasterize;
			sourceTree = "<group>";
		};
		073862B223544B4400F22148 /* Enums */ = {
			isa = PBXGroup;
			children = (
				073862B323544B5D00F22148 /* MapZoom.swift */,
				0767E591235466C30092EEEC /* LocationTypes.swift */,
			);
			path = Enums;
			sourceTree = "<group>";
		};
		0767E59A2355A8C20092EEEC /* View */ = {
			isa = PBXGroup;
			children = (
				072CCE36234756F8007D0F77 /* Main.storyboard */,
				076C0594234E109F008517EE /* PhotoCell.swift */,
				072CCE46234B1DB9007D0F77 /* VerticallyButton.swift */,
				072CCE3B234756FA007D0F77 /* LaunchScreen.storyboard */,
			);
			path = View;
			sourceTree = "<group>";
		};
		076C0587234E09F4008517EE /* Extensions */ = {
			isa = PBXGroup;
			children = (
				076C058C234E0A78008517EE /* UICollectionView+Reusable.swift */,
				0767E596235489410092EEEC /* UIImage.swift */,
			);
			path = Extensions;
			sourceTree = "<group>";
		};
		076C058B234E0A36008517EE /* Protocols */ = {
			isa = PBXGroup;
			children = (
				076C058E234E0ADF008517EE /* NibLoadable.swift */,
				076C0590234E0B65008517EE /* Reusable.swift */,
			);
			path = Protocols;
			sourceTree = "<group>";
		};
		07965030234B4AEE005C72B2 /* Transition */ = {
			isa = PBXGroup;
			children = (
				07965031234B4B0B005C72B2 /* TransitionDirection.swift */,
				07965032234B4B0B005C72B2 /* TransitionDriver.swift */,
				07965035234B4B1C005C72B2 /* InstantPanGestureRecognizer.swift */,
				07965036234B4B1C005C72B2 /* Math.swift */,
				07965037234B4B1D005C72B2 /* PanelTransition.swift */,
				07965040234B4B35005C72B2 /* Animations */,
				0796503D234B4B35005C72B2 /* Presentation controller */,
			);
			path = Transition;
			sourceTree = "<group>";
		};
		0796503D234B4B35005C72B2 /* Presentation controller */ = {
			isa = PBXGroup;
			children = (
				0796503E234B4B35005C72B2 /* PresentationController.swift */,
				0796503F234B4B35005C72B2 /* DimmPresentationController.swift */,
			);
			path = "Presentation controller";
			sourceTree = "<group>";
		};
		07965040234B4B35005C72B2 /* Animations */ = {
			isa = PBXGroup;
			children = (
				07965041234B4B35005C72B2 /* PresentAnimation.swift */,
				07965042234B4B35005C72B2 /* DismissAnimation.swift */,
			);
			path = Animations;
			sourceTree = "<group>";
		};
		07965048234B5E5E005C72B2 /* Products */ = {
			isa = PBXGroup;
			children = (
				0722B105235D9A65000BB03D /* libAlamofire.a */,
				0722B107235D9A65000BB03D /* libMoya.a */,
				0796504E234B5E5E005C72B2 /* libPods-65AppsGoogleMaps.a */,
				0722B109235D9A65000BB03D /* libResult.a */,
			);
			name = Products;
			sourceTree = "<group>";
		};
		07C7E6AE236AB06C00DD8FE1 /* Map */ = {
			isa = PBXGroup;
			children = (
				073862AA2350AF4800F22148 /* Clasterize */,
				073862A22350A60C00F22148 /* Model */,
				07C7E6B9236AB1A200DD8FE1 /* Controller */,
				07C7E6BA236AB1AF00DD8FE1 /* ViewModel */,
			);
			path = Map;
			sourceTree = "<group>";
		};
		07C7E6B5236AB07900DD8FE1 /* Data */ = {
			isa = PBXGroup;
			children = (
				07965030234B4AEE005C72B2 /* Transition */,
				07C7E6B8236AB0B600DD8FE1 /* Controller */,
				07C7E6B7236AB0A800DD8FE1 /* ViewModel */,
			);
			path = Data;
			sourceTree = "<group>";
		};
		07C7E6B7236AB0A800DD8FE1 /* ViewModel */ = {
			isa = PBXGroup;
			children = (
				07622439236C0796004BA066 /* DataViewModel.swift */,
			);
			path = ViewModel;
			sourceTree = "<group>";
		};
		07C7E6B8236AB0B600DD8FE1 /* Controller */ = {
			isa = PBXGroup;
			children = (
				072CCE4423475F37007D0F77 /* DataViewController.swift */,
			);
			path = Controller;
			sourceTree = "<group>";
		};
		07C7E6B9236AB1A200DD8FE1 /* Controller */ = {
			isa = PBXGroup;
			children = (
				072CCE34234756F8007D0F77 /* MapViewController.swift */,
			);
			path = Controller;
			sourceTree = "<group>";
		};
		07C7E6BA236AB1AF00DD8FE1 /* ViewModel */ = {
			isa = PBXGroup;
			children = (
				0722B110235DC2AA000BB03D /* MapViewModel.swift */,
			);
			path = ViewModel;
			sourceTree = "<group>";
		};
		379C4110EB868F0D5138EE78 /* Pods */ = {
			isa = PBXGroup;
			children = (
				9A706D940010AC3FBB33F988 /* Pods-65AppsGoogleMaps.debug.xcconfig */,
				08FC217596620E77F3C8C1CF /* Pods-65AppsGoogleMaps.release.xcconfig */,
			);
			path = Pods;
			sourceTree = "<group>";
		};
		7C48A5326A962DA062264BDA /* Frameworks */ = {
			isa = PBXGroup;
			children = (
				07965047234B5E5E005C72B2 /* Pods.xcodeproj */,
				DC8405DCC4ACC5D4122AFB37 /* libPods-65AppsGoogleMaps.a */,
			);
			name = Frameworks;
			sourceTree = "<group>";
		};
/* End PBXGroup section */

/* Begin PBXNativeTarget section */
		072CCE2E234756F8007D0F77 /* 65AppsGoogleMaps */ = {
			isa = PBXNativeTarget;
			buildConfigurationList = 072CCE41234756FA007D0F77 /* Build configuration list for PBXNativeTarget "65AppsGoogleMaps" */;
			buildPhases = (
				B98E859BA6281DC412BEA01D /* [CP] Check Pods Manifest.lock */,
				072CCE2B234756F8007D0F77 /* Sources */,
				072CCE2C234756F8007D0F77 /* Frameworks */,
				072CCE2D234756F8007D0F77 /* Resources */,
				AF6E0B55AC1F0AE746EAC50A /* [CP] Copy Pods Resources */,
			);
			buildRules = (
			);
			dependencies = (
			);
			name = 65AppsGoogleMaps;
			productName = 65AppsGoogleMaps;
			productReference = 072CCE2F234756F8007D0F77 /* 65AppsGoogleMaps.app */;
			productType = "com.apple.product-type.application";
		};
/* End PBXNativeTarget section */

/* Begin PBXProject section */
		072CCE27234756F8007D0F77 /* Project object */ = {
			isa = PBXProject;
			attributes = {
				LastSwiftUpdateCheck = 1020;
				LastUpgradeCheck = 1020;
				ORGANIZATIONNAME = 65apps;
				TargetAttributes = {
					072CCE2E234756F8007D0F77 = {
						CreatedOnToolsVersion = 10.2.1;
					};
				};
			};
			buildConfigurationList = 072CCE2A234756F8007D0F77 /* Build configuration list for PBXProject "65AppsGoogleMaps" */;
			compatibilityVersion = "Xcode 9.3";
			developmentRegion = en;
			hasScannedForEncodings = 0;
			knownRegions = (
				en,
				Base,
			);
			mainGroup = 072CCE26234756F8007D0F77;
			productRefGroup = 072CCE30234756F8007D0F77 /* Products */;
			projectDirPath = "";
			projectReferences = (
				{
					ProductGroup = 07965048234B5E5E005C72B2 /* Products */;
					ProjectRef = 07965047234B5E5E005C72B2 /* Pods.xcodeproj */;
				},
			);
			projectRoot = "";
			targets = (
				072CCE2E234756F8007D0F77 /* 65AppsGoogleMaps */,
			);
		};
/* End PBXProject section */

/* Begin PBXReferenceProxy section */
		0722B105235D9A65000BB03D /* libAlamofire.a */ = {
			isa = PBXReferenceProxy;
			fileType = archive.ar;
			path = libAlamofire.a;
			remoteRef = 0722B104235D9A65000BB03D /* PBXContainerItemProxy */;
			sourceTree = BUILT_PRODUCTS_DIR;
		};
		0722B107235D9A65000BB03D /* libMoya.a */ = {
			isa = PBXReferenceProxy;
			fileType = archive.ar;
			path = libMoya.a;
			remoteRef = 0722B106235D9A65000BB03D /* PBXContainerItemProxy */;
			sourceTree = BUILT_PRODUCTS_DIR;
		};
		0722B109235D9A65000BB03D /* libResult.a */ = {
			isa = PBXReferenceProxy;
			fileType = archive.ar;
			path = libResult.a;
			remoteRef = 0722B108235D9A65000BB03D /* PBXContainerItemProxy */;
			sourceTree = BUILT_PRODUCTS_DIR;
		};
		0796504E234B5E5E005C72B2 /* libPods-65AppsGoogleMaps.a */ = {
			isa = PBXReferenceProxy;
			fileType = archive.ar;
			path = "libPods-65AppsGoogleMaps.a";
			remoteRef = 0796504D234B5E5E005C72B2 /* PBXContainerItemProxy */;
			sourceTree = BUILT_PRODUCTS_DIR;
		};
/* End PBXReferenceProxy section */

/* Begin PBXResourcesBuildPhase section */
		072CCE2D234756F8007D0F77 /* Resources */ = {
			isa = PBXResourcesBuildPhase;
			buildActionMask = 2147483647;
			files = (
				072CCE3D234756FA007D0F77 /* LaunchScreen.storyboard in Resources */,
				072CCE3A234756FA007D0F77 /* Assets.xcassets in Resources */,
				072CCE38234756F8007D0F77 /* Main.storyboard in Resources */,
			);
			runOnlyForDeploymentPostprocessing = 0;
		};
/* End PBXResourcesBuildPhase section */

/* Begin PBXShellScriptBuildPhase section */
		AF6E0B55AC1F0AE746EAC50A /* [CP] Copy Pods Resources */ = {
			isa = PBXShellScriptBuildPhase;
			buildActionMask = 2147483647;
			files = (
			);
			inputFileListPaths = (
				"${PODS_ROOT}/Target Support Files/Pods-65AppsGoogleMaps/Pods-65AppsGoogleMaps-resources-${CONFIGURATION}-input-files.xcfilelist",
			);
			name = "[CP] Copy Pods Resources";
			outputFileListPaths = (
				"${PODS_ROOT}/Target Support Files/Pods-65AppsGoogleMaps/Pods-65AppsGoogleMaps-resources-${CONFIGURATION}-output-files.xcfilelist",
			);
			runOnlyForDeploymentPostprocessing = 0;
			shellPath = /bin/sh;
			shellScript = "\"${PODS_ROOT}/Target Support Files/Pods-65AppsGoogleMaps/Pods-65AppsGoogleMaps-resources.sh\"\n";
			showEnvVarsInLog = 0;
		};
		B98E859BA6281DC412BEA01D /* [CP] Check Pods Manifest.lock */ = {
			isa = PBXShellScriptBuildPhase;
			buildActionMask = 2147483647;
			files = (
			);
			inputFileListPaths = (
			);
			inputPaths = (
				"${PODS_PODFILE_DIR_PATH}/Podfile.lock",
				"${PODS_ROOT}/Manifest.lock",
			);
			name = "[CP] Check Pods Manifest.lock";
			outputFileListPaths = (
			);
			outputPaths = (
				"$(DERIVED_FILE_DIR)/Pods-65AppsGoogleMaps-checkManifestLockResult.txt",
			);
			runOnlyForDeploymentPostprocessing = 0;
			shellPath = /bin/sh;
			shellScript = "diff \"${PODS_PODFILE_DIR_PATH}/Podfile.lock\" \"${PODS_ROOT}/Manifest.lock\" > /dev/null\nif [ $? != 0 ] ; then\n    # print error to STDERR\n    echo \"error: The sandbox is not in sync with the Podfile.lock. Run 'pod install' or update your CocoaPods installation.\" >&2\n    exit 1\nfi\n# This output is used by Xcode 'outputs' to avoid re-running this script phase.\necho \"SUCCESS\" > \"${SCRIPT_OUTPUT_FILE_0}\"\n";
			showEnvVarsInLog = 0;
		};
/* End PBXShellScriptBuildPhase section */

/* Begin PBXSourcesBuildPhase section */
		072CCE2B234756F8007D0F77 /* Sources */ = {
			isa = PBXSourcesBuildPhase;
			buildActionMask = 2147483647;
			files = (
				0722B10E235DA967000BB03D /* NetworkManager.swift in Sources */,
				07965044234B4B35005C72B2 /* DimmPresentationController.swift in Sources */,
				0767E597235489410092EEEC /* UIImage.swift in Sources */,
				0738629B235071CF00F22148 /* GMUWeightedLatLng.m in Sources */,
				07965034234B4B0B005C72B2 /* TransitionDriver.swift in Sources */,
				072CCE47234B1DB9007D0F77 /* VerticallyButton.swift in Sources */,
				0722B111235DC2AA000BB03D /* MapViewModel.swift in Sources */,
				07386284235071CF00F22148 /* GMUKMLParser.m in Sources */,
				0722B10C235DA49F000BB03D /* MoyaService.swift in Sources */,
				076C058F234E0ADF008517EE /* NibLoadable.swift in Sources */,
				0767E592235466C30092EEEC /* LocationTypes.swift in Sources */,
				073862A92350A72900F22148 /* CoorinatesMock.swift in Sources */,
				0762243A236C0796004BA066 /* DataViewModel.swift in Sources */,
				07965039234B4B1D005C72B2 /* InstantPanGestureRecognizer.swift in Sources */,
				07386295235071CF00F22148 /* GMUNonHierarchicalDistanceBasedAlgorithm.m in Sources */,
				07386287235071CF00F22148 /* GMUPlacemark.m in Sources */,
				076C0595234E109F008517EE /* PhotoCell.swift in Sources */,
				07965043234B4B35005C72B2 /* PresentationController.swift in Sources */,
				073862B423544B5D00F22148 /* MapZoom.swift in Sources */,
				0738629C235071CF00F22148 /* GMUGradient.m in Sources */,
				076C058D234E0A78008517EE /* UICollectionView+Reusable.swift in Sources */,
				0738628F235071CF00F22148 /* GMULineString.m in Sources */,
				07965033234B4B0B005C72B2 /* TransitionDirection.swift in Sources */,
				07386296235071CF00F22148 /* GMUDefaultClusterRenderer.m in Sources */,
				072CCE35234756F8007D0F77 /* MapViewController.swift in Sources */,
				0738629A235071CF00F22148 /* GQTPointQuadTreeChild.m in Sources */,
				07386299235071CF00F22148 /* GQTPointQuadTree.m in Sources */,
				073862A0235079E100F22148 /* POIItem.swift in Sources */,
				07965046234B4B35005C72B2 /* DismissAnimation.swift in Sources */,
				07386290235071CF00F22148 /* GMUGeoJSONParser.m in Sources */,
				072CCE4523475F37007D0F77 /* DataViewController.swift in Sources */,
				07386294235071CF00F22148 /* GMUSimpleClusterAlgorithm.m in Sources */,
				07386292235071CF00F22148 /* GMUGridBasedClusterAlgorithm.m in Sources */,
				07386288235071CF00F22148 /* GMUPolygon.m in Sources */,
				07386297235071CF00F22148 /* GMUDefaultClusterIconGenerator.m in Sources */,
				072CCE33234756F8007D0F77 /* AppDelegate.swift in Sources */,
				0738629D235071CF00F22148 /* GMUHeatmapTileLayer.m in Sources */,
				07386289235071CF00F22148 /* GMUStyleMap.m in Sources */,
				073862A72350A62A00F22148 /* Point.swift in Sources */,
				0738628E235071CF00F22148 /* GMUPair.m in Sources */,
				0722B0FD235D9A64000BB03D /* CoordinatesModel.swift in Sources */,
				0767E59923549CAA0092EEEC /* MapClusterIconGenerator.swift in Sources */,
				076C0591234E0B65008517EE /* Reusable.swift in Sources */,
				0796503A234B4B1D005C72B2 /* Math.swift in Sources */,
				07965045234B4B35005C72B2 /* PresentAnimation.swift in Sources */,
				07386291235071CF00F22148 /* GMUClusterManager.m in Sources */,
				0770B91C23715802003D557D /* ClusterManager.swift in Sources */,
				0738628B235071CF00F22148 /* GMUGroundOverlay.m in Sources */,
				0738628D235071CF00F22148 /* GMUPoint.m in Sources */,
				07386293235071CF00F22148 /* GMUWrappingDictionaryKey.m in Sources */,
				07386298235071CF00F22148 /* GMUStaticCluster.m in Sources */,
				0738628C235071CF00F22148 /* GMUStyle.m in Sources */,
				0738628A235071CF00F22148 /* GMUFeature.m in Sources */,
				07386285235071CF00F22148 /* GMUGeometryRenderer.m in Sources */,
				0796503B234B4B1D005C72B2 /* PanelTransition.swift in Sources */,
				07386286235071CF00F22148 /* GMUGeometryCollection.m in Sources */,
			);
			runOnlyForDeploymentPostprocessing = 0;
		};
/* End PBXSourcesBuildPhase section */

/* Begin PBXVariantGroup section */
		072CCE36234756F8007D0F77 /* Main.storyboard */ = {
			isa = PBXVariantGroup;
			children = (
				072CCE37234756F8007D0F77 /* Base */,
			);
			name = Main.storyboard;
			sourceTree = "<group>";
		};
		072CCE3B234756FA007D0F77 /* LaunchScreen.storyboard */ = {
			isa = PBXVariantGroup;
			children = (
				072CCE3C234756FA007D0F77 /* Base */,
			);
			name = LaunchScreen.storyboard;
			sourceTree = "<group>";
		};
/* End PBXVariantGroup section */

/* Begin XCBuildConfiguration section */
		072CCE3F234756FA007D0F77 /* Debug */ = {
			isa = XCBuildConfiguration;
			buildSettings = {
				ALWAYS_SEARCH_USER_PATHS = NO;
				CLANG_ALLOW_NON_MODULAR_INCLUDES_IN_FRAMEWORK_MODULES = YES;
				CLANG_ANALYZER_NONNULL = YES;
				CLANG_ANALYZER_NUMBER_OBJECT_CONVERSION = YES_AGGRESSIVE;
				CLANG_CXX_LANGUAGE_STANDARD = "gnu++14";
				CLANG_CXX_LIBRARY = "libc++";
				CLANG_ENABLE_MODULES = YES;
				CLANG_ENABLE_OBJC_ARC = YES;
				CLANG_ENABLE_OBJC_WEAK = YES;
				CLANG_WARN_BLOCK_CAPTURE_AUTORELEASING = YES;
				CLANG_WARN_BOOL_CONVERSION = YES;
				CLANG_WARN_COMMA = YES;
				CLANG_WARN_CONSTANT_CONVERSION = YES;
				CLANG_WARN_DEPRECATED_OBJC_IMPLEMENTATIONS = YES;
				CLANG_WARN_DIRECT_OBJC_ISA_USAGE = YES_ERROR;
				CLANG_WARN_DOCUMENTATION_COMMENTS = YES;
				CLANG_WARN_EMPTY_BODY = YES;
				CLANG_WARN_ENUM_CONVERSION = YES;
				CLANG_WARN_INFINITE_RECURSION = YES;
				CLANG_WARN_INT_CONVERSION = YES;
				CLANG_WARN_NON_LITERAL_NULL_CONVERSION = YES;
				CLANG_WARN_OBJC_IMPLICIT_RETAIN_SELF = YES;
				CLANG_WARN_OBJC_LITERAL_CONVERSION = YES;
				CLANG_WARN_OBJC_ROOT_CLASS = YES_ERROR;
				CLANG_WARN_RANGE_LOOP_ANALYSIS = YES;
				CLANG_WARN_STRICT_PROTOTYPES = YES;
				CLANG_WARN_SUSPICIOUS_MOVE = YES;
				CLANG_WARN_UNGUARDED_AVAILABILITY = YES_AGGRESSIVE;
				CLANG_WARN_UNREACHABLE_CODE = YES;
				CLANG_WARN__DUPLICATE_METHOD_MATCH = YES;
				CODE_SIGN_IDENTITY = "iPhone Developer";
				COPY_PHASE_STRIP = NO;
				DEBUG_INFORMATION_FORMAT = dwarf;
				ENABLE_STRICT_OBJC_MSGSEND = YES;
				ENABLE_TESTABILITY = YES;
				GCC_C_LANGUAGE_STANDARD = gnu11;
				GCC_DYNAMIC_NO_PIC = NO;
				GCC_NO_COMMON_BLOCKS = YES;
				GCC_OPTIMIZATION_LEVEL = 0;
				GCC_PREPROCESSOR_DEFINITIONS = (
					"DEBUG=1",
					"$(inherited)",
				);
				GCC_WARN_64_TO_32_BIT_CONVERSION = YES;
				GCC_WARN_ABOUT_RETURN_TYPE = YES_ERROR;
				GCC_WARN_UNDECLARED_SELECTOR = YES;
				GCC_WARN_UNINITIALIZED_AUTOS = YES_AGGRESSIVE;
				GCC_WARN_UNUSED_FUNCTION = YES;
				GCC_WARN_UNUSED_VARIABLE = YES;
				IPHONEOS_DEPLOYMENT_TARGET = 12.2;
				MTL_ENABLE_DEBUG_INFO = INCLUDE_SOURCE;
				MTL_FAST_MATH = YES;
				ONLY_ACTIVE_ARCH = YES;
				SDKROOT = iphoneos;
				SWIFT_ACTIVE_COMPILATION_CONDITIONS = DEBUG;
				SWIFT_OBJC_BRIDGING_HEADER = /Users/mikhailfogel/65AppsGoogleMaps/65AppsGoogleMaps/BridgingHeader.h;
				SWIFT_OPTIMIZATION_LEVEL = "-Onone";
			};
			name = Debug;
		};
		072CCE40234756FA007D0F77 /* Release */ = {
			isa = XCBuildConfiguration;
			buildSettings = {
				ALWAYS_SEARCH_USER_PATHS = NO;
				CLANG_ALLOW_NON_MODULAR_INCLUDES_IN_FRAMEWORK_MODULES = YES;
				CLANG_ANALYZER_NONNULL = YES;
				CLANG_ANALYZER_NUMBER_OBJECT_CONVERSION = YES_AGGRESSIVE;
				CLANG_CXX_LANGUAGE_STANDARD = "gnu++14";
				CLANG_CXX_LIBRARY = "libc++";
				CLANG_ENABLE_MODULES = YES;
				CLANG_ENABLE_OBJC_ARC = YES;
				CLANG_ENABLE_OBJC_WEAK = YES;
				CLANG_WARN_BLOCK_CAPTURE_AUTORELEASING = YES;
				CLANG_WARN_BOOL_CONVERSION = YES;
				CLANG_WARN_COMMA = YES;
				CLANG_WARN_CONSTANT_CONVERSION = YES;
				CLANG_WARN_DEPRECATED_OBJC_IMPLEMENTATIONS = YES;
				CLANG_WARN_DIRECT_OBJC_ISA_USAGE = YES_ERROR;
				CLANG_WARN_DOCUMENTATION_COMMENTS = YES;
				CLANG_WARN_EMPTY_BODY = YES;
				CLANG_WARN_ENUM_CONVERSION = YES;
				CLANG_WARN_INFINITE_RECURSION = YES;
				CLANG_WARN_INT_CONVERSION = YES;
				CLANG_WARN_NON_LITERAL_NULL_CONVERSION = YES;
				CLANG_WARN_OBJC_IMPLICIT_RETAIN_SELF = YES;
				CLANG_WARN_OBJC_LITERAL_CONVERSION = YES;
				CLANG_WARN_OBJC_ROOT_CLASS = YES_ERROR;
				CLANG_WARN_RANGE_LOOP_ANALYSIS = YES;
				CLANG_WARN_STRICT_PROTOTYPES = YES;
				CLANG_WARN_SUSPICIOUS_MOVE = YES;
				CLANG_WARN_UNGUARDED_AVAILABILITY = YES_AGGRESSIVE;
				CLANG_WARN_UNREACHABLE_CODE = YES;
				CLANG_WARN__DUPLICATE_METHOD_MATCH = YES;
				CODE_SIGN_IDENTITY = "iPhone Developer";
				COPY_PHASE_STRIP = NO;
				DEBUG_INFORMATION_FORMAT = "dwarf-with-dsym";
				ENABLE_NS_ASSERTIONS = NO;
				ENABLE_STRICT_OBJC_MSGSEND = YES;
				GCC_C_LANGUAGE_STANDARD = gnu11;
				GCC_NO_COMMON_BLOCKS = YES;
				GCC_WARN_64_TO_32_BIT_CONVERSION = YES;
				GCC_WARN_ABOUT_RETURN_TYPE = YES_ERROR;
				GCC_WARN_UNDECLARED_SELECTOR = YES;
				GCC_WARN_UNINITIALIZED_AUTOS = YES_AGGRESSIVE;
				GCC_WARN_UNUSED_FUNCTION = YES;
				GCC_WARN_UNUSED_VARIABLE = YES;
				IPHONEOS_DEPLOYMENT_TARGET = 12.2;
				MTL_ENABLE_DEBUG_INFO = NO;
				MTL_FAST_MATH = YES;
				SDKROOT = iphoneos;
				SWIFT_COMPILATION_MODE = wholemodule;
				SWIFT_OBJC_BRIDGING_HEADER = /Users/mikhailfogel/65AppsGoogleMaps/65AppsGoogleMaps/BridgingHeader.h;
				SWIFT_OPTIMIZATION_LEVEL = "-O";
				VALIDATE_PRODUCT = YES;
			};
			name = Release;
		};
		072CCE42234756FA007D0F77 /* Debug */ = {
			isa = XCBuildConfiguration;
			baseConfigurationReference = 9A706D940010AC3FBB33F988 /* Pods-65AppsGoogleMaps.debug.xcconfig */;
			buildSettings = {
				ASSETCATALOG_COMPILER_APPICON_NAME = AppIcon;
				CLANG_ALLOW_NON_MODULAR_INCLUDES_IN_FRAMEWORK_MODULES = YES;
				CODE_SIGN_IDENTITY = "iPhone Developer";
				CODE_SIGN_STYLE = Automatic;
				DEVELOPMENT_TEAM = XN7RRN8RY9;
				INFOPLIST_FILE = 65AppsGoogleMaps/Info.plist;
				IPHONEOS_DEPLOYMENT_TARGET = 12.0;
				LD_RUNPATH_SEARCH_PATHS = (
					"$(inherited)",
					"@executable_path/Frameworks",
				);
				PRODUCT_BUNDLE_IDENTIFIER = "com.65apps.-5AppsGoogleMaps";
				PRODUCT_NAME = "$(TARGET_NAME)";
				PROVISIONING_PROFILE_SPECIFIER = "";
				SWIFT_OBJC_BRIDGING_HEADER = /Users/mikhailfogel/65AppsGoogleMaps/65AppsGoogleMaps/BridgingHeader.h;
				SWIFT_VERSION = 5.0;
				TARGETED_DEVICE_FAMILY = "1,2";
			};
			name = Debug;
		};
		072CCE43234756FA007D0F77 /* Release */ = {
			isa = XCBuildConfiguration;
			baseConfigurationReference = 08FC217596620E77F3C8C1CF /* Pods-65AppsGoogleMaps.release.xcconfig */;
			buildSettings = {
				ASSETCATALOG_COMPILER_APPICON_NAME = AppIcon;
				CLANG_ALLOW_NON_MODULAR_INCLUDES_IN_FRAMEWORK_MODULES = YES;
				CODE_SIGN_IDENTITY = "iPhone Developer";
				CODE_SIGN_STYLE = Automatic;
				DEVELOPMENT_TEAM = XN7RRN8RY9;
				INFOPLIST_FILE = 65AppsGoogleMaps/Info.plist;
				IPHONEOS_DEPLOYMENT_TARGET = 12.0;
				LD_RUNPATH_SEARCH_PATHS = (
					"$(inherited)",
					"@executable_path/Frameworks",
				);
				PRODUCT_BUNDLE_IDENTIFIER = "com.65apps.-5AppsGoogleMaps";
				PRODUCT_NAME = "$(TARGET_NAME)";
				PROVISIONING_PROFILE_SPECIFIER = "";
				SWIFT_OBJC_BRIDGING_HEADER = /Users/mikhailfogel/65AppsGoogleMaps/65AppsGoogleMaps/BridgingHeader.h;
				SWIFT_VERSION = 5.0;
				TARGETED_DEVICE_FAMILY = "1,2";
			};
			name = Release;
		};
/* End XCBuildConfiguration section */

/* Begin XCConfigurationList section */
		072CCE2A234756F8007D0F77 /* Build configuration list for PBXProject "65AppsGoogleMaps" */ = {
			isa = XCConfigurationList;
			buildConfigurations = (
				072CCE3F234756FA007D0F77 /* Debug */,
				072CCE40234756FA007D0F77 /* Release */,
			);
			defaultConfigurationIsVisible = 0;
			defaultConfigurationName = Release;
		};
		072CCE41234756FA007D0F77 /* Build configuration list for PBXNativeTarget "65AppsGoogleMaps" */ = {
			isa = XCConfigurationList;
			buildConfigurations = (
				072CCE42234756FA007D0F77 /* Debug */,
				072CCE43234756FA007D0F77 /* Release */,
			);
			defaultConfigurationIsVisible = 0;
			defaultConfigurationName = Release;
		};
/* End XCConfigurationList section */
	};
	rootObject = 072CCE27234756F8007D0F77 /* Project object */;
}
